
Microsoft Visual Studio Solution File, Format Version 12.00
# Visual Studio Version 16
VisualStudioVersion = 16.0.30104.148
MinimumVisualStudioVersion = 10.0.40219.1
Project("{F184B08F-C81C-45F6-A57F-5ABD9991F28F}") = "BasicVLC", "BasicVLC.vbproj", "{8D2803CC-D7BA-4636-A113-FFA6D5686157}"
EndProject
Global
	GlobalSection(SolutionConfigurationPlatforms) = preSolution
		Debug|Any CPU = Debug|Any CPU
		Release|Any CPU = Release|Any CPU
	EndGlobalSection
	GlobalSection(ProjectConfigurationPlatforms) = postSolution
		{8D2803CC-D7BA-4636-A113-FFA6D5686157}.Debug|Any CPU.ActiveCfg = Debug|Any CPU
		{8D2803CC-D7BA-4636-A113-FFA6D5686157}.Debug|Any CPU.Build.0 = Debug|Any CPU
		{8D2803CC-D7BA-4636-A113-FFA6D5686157}.Release|Any CPU.ActiveCfg = Release|Any CPU
		{8D2803CC-D7BA-4636-A113-FFA6D5686157}.Release|Any CPU.Build.0 = Release|Any CPU
	EndGlobalSection
	GlobalSection(SolutionProperties) = preSolution
		HideSolutionNode = FALSE
	EndGlobalSection
	GlobalSection(ExtensibilityGlobals) = postSolution
		SolutionGuid = {4B28C41B-6441-41CD-861A-1665545056F1}
	EndGlobalSection
EndGlobal
